
Microsoft Visual Studio Solution File, Format Version 12.00
# Visual Studio Version 17
VisualStudioVersion = 17.7.34202.233
MinimumVisualStudioVersion = 10.0.40219.1
Project("{9A19103F-16F7-4668-BE54-9A1E7A4F7556}") = "RandomFace", "BlazorApp1\RandomFace.csproj", "{E42BDFED-889C-4726-978B-49FFF9DC2208}"
EndProject
Global
	GlobalSection(SolutionConfigurationPlatforms) = preSolution
		Debug|Any CPU = Debug|Any CPU
		Release|Any CPU = Release|Any CPU
	EndGlobalSection
	GlobalSection(ProjectConfigurationPlatforms) = postSolution
		{E42BDFED-889C-4726-978B-49FFF9DC2208}.Debug|Any CPU.ActiveCfg = Debug|Any CPU
		{E42BDFED-889C-4726-978B-49FFF9DC2208}.Debug|Any CPU.Build.0 = Debug|Any CPU
		{E42BDFED-889C-4726-978B-49FFF9DC2208}.Release|Any CPU.ActiveCfg = Release|Any CPU
		{E42BDFED-889C-4726-978B-49FFF9DC2208}.Release|Any CPU.Build.0 = Release|Any CPU
	EndGlobalSection
	GlobalSection(SolutionProperties) = preSolution
		HideSolutionNode = FALSE
	EndGlobalSection
	GlobalSection(ExtensibilityGlobals) = postSolution
		SolutionGuid = {123A1783-43C8-438D-99D2-73C3248334B0}
	EndGlobalSection
EndGlobal
